
Microsoft Visual Studio Solution File, Format Version 12.00
# Visual Studio 15
VisualStudioVersion = 15.0.27703.2026
MinimumVisualStudioVersion = 10.0.40219.1
Project("{FAE04EC0-301F-11D3-BF4B-00C04F79EFBC}") = "Lidar Maps", "Lidar Maps\Lidar Maps.csproj", "{F721C534-F46A-49A2-BB68-80299839606D}"
EndProject
Project("{FAE04EC0-301F-11D3-BF4B-00C04F79EFBC}") = "Test Read File  Line", "Test Read File  Line\Test Read File  Line.csproj", "{AF51BBBC-8695-4BA6-9183-9EDE9D5FE96E}"
EndProject
Global
	GlobalSection(SolutionConfigurationPlatforms) = preSolution
		Debug|Any CPU = Debug|Any CPU
		Release|Any CPU = Release|Any CPU
	EndGlobalSection
	GlobalSection(ProjectConfigurationPlatforms) = postSolution
		{F721C534-F46A-49A2-BB68-80299839606D}.Debug|Any CPU.ActiveCfg = Debug|Any CPU
		{F721C534-F46A-49A2-BB68-80299839606D}.Debug|Any CPU.Build.0 = Debug|Any CPU
		{F721C534-F46A-49A2-BB68-80299839606D}.Release|Any CPU.ActiveCfg = Release|Any CPU
		{F721C534-F46A-49A2-BB68-80299839606D}.Release|Any CPU.Build.0 = Release|Any CPU
		{AF51BBBC-8695-4BA6-9183-9EDE9D5FE96E}.Debug|Any CPU.ActiveCfg = Debug|Any CPU
		{AF51BBBC-8695-4BA6-9183-9EDE9D5FE96E}.Debug|Any CPU.Build.0 = Debug|Any CPU
		{AF51BBBC-8695-4BA6-9183-9EDE9D5FE96E}.Release|Any CPU.ActiveCfg = Release|Any CPU
		{AF51BBBC-8695-4BA6-9183-9EDE9D5FE96E}.Release|Any CPU.Build.0 = Release|Any CPU
	EndGlobalSection
	GlobalSection(SolutionProperties) = preSolution
		HideSolutionNode = FALSE
	EndGlobalSection
	GlobalSection(ExtensibilityGlobals) = postSolution
		SolutionGuid = {983DCF23-E5EA-489C-A8A7-D1F6FB7C5567}
	EndGlobalSection
EndGlobal
