
Microsoft Visual Studio Solution File, Format Version 12.00
# Visual Studio 15
VisualStudioVersion = 15.0.27703.2026
MinimumVisualStudioVersion = 10.0.40219.1
Project("{FAE04EC0-301F-11D3-BF4B-00C04F79EFBC}") = "Lidar Draw Map", "Lidar Draw Map\Lidar Draw Map.csproj", "{5085DEB9-4933-4725-A45D-D4C2E2F3439B}"
EndProject
Global
	GlobalSection(SolutionConfigurationPlatforms) = preSolution
		Debug|Any CPU = Debug|Any CPU
		Release|Any CPU = Release|Any CPU
	EndGlobalSection
	GlobalSection(ProjectConfigurationPlatforms) = postSolution
		{5085DEB9-4933-4725-A45D-D4C2E2F3439B}.Debug|Any CPU.ActiveCfg = Debug|Any CPU
		{5085DEB9-4933-4725-A45D-D4C2E2F3439B}.Debug|Any CPU.Build.0 = Debug|Any CPU
		{5085DEB9-4933-4725-A45D-D4C2E2F3439B}.Release|Any CPU.ActiveCfg = Release|Any CPU
		{5085DEB9-4933-4725-A45D-D4C2E2F3439B}.Release|Any CPU.Build.0 = Release|Any CPU
	EndGlobalSection
	GlobalSection(SolutionProperties) = preSolution
		HideSolutionNode = FALSE
	EndGlobalSection
	GlobalSection(ExtensibilityGlobals) = postSolution
		SolutionGuid = {82153C74-2D29-4476-A5A6-BAFFA81F1463}
	EndGlobalSection
EndGlobal
